{
  "version": 4,
  "terraform_version": "0.12.24",
  "serial": 3,
  "lineage": "03991cb9-ace1-f6ff-ef2c-a683d346bf20",
  "outputs": {
    "cloud_nat": {
      "value": "cloud-nat-ws557v",
      "type": "string"
    },
    "cloud_nat_router": {
      "value": "my-router",
      "type": "string"
    },
    "network": {
      "value": "my-vpc",
      "type": "string"
    },
    "subnets": {
      "value": [
        "my-subnet-01"
      ],
      "type": [
        "tuple",
        [
          "string"
        ]
      ]
    }
  },
  "resources": [
    {
      "module": "module.network.module.vpc",
      "mode": "managed",
      "type": "google_compute_network",
      "name": "network",
      "provider": "provider.google",
      "instances": []
    },
    {
      "module": "module.cloud_nat",
      "mode": "managed",
      "type": "google_compute_router",
      "name": "router",
      "each": "list",
      "provider": "provider.google",
      "instances": []
    },
    {
      "module": "module.cloud_nat",
      "mode": "managed",
      "type": "google_compute_router_nat",
      "name": "main",
      "provider": "provider.google",
      "instances": []
    },
    {
      "module": "module.network.module.vpc",
      "mode": "managed",
      "type": "google_compute_shared_vpc_host_project",
      "name": "shared_vpc_host",
      "each": "list",
      "provider": "provider.google",
      "instances": []
    },
    {
      "module": "module.network.module.subnets",
      "mode": "managed",
      "type": "google_compute_subnetwork",
      "name": "subnetwork",
      "each": "map",
      "provider": "provider.google",
      "instances": []
    },
    {
      "module": "module.project_iam_bindings",
      "mode": "managed",
      "type": "google_project_iam_binding",
      "name": "project_iam_authoritative",
      "each": "map",
      "provider": "provider.google",
      "instances": []
    },
    {
      "module": "module.project_iam_bindings",
      "mode": "managed",
      "type": "google_project_iam_member",
      "name": "project_iam_additive",
      "each": "map",
      "provider": "provider.google",
      "instances": []
    },
    {
      "module": "module.cloud_nat",
      "mode": "managed",
      "type": "random_string",
      "name": "name_suffix",
      "provider": "provider.random",
      "instances": [
        {
          "schema_version": 1,
          "attributes": {
            "id": "ws557v",
            "keepers": null,
            "length": 6,
            "lower": true,
            "min_lower": 0,
            "min_numeric": 0,
            "min_special": 0,
            "min_upper": 0,
            "number": true,
            "override_special": null,
            "result": "ws557v",
            "special": false,
            "upper": false
          },
          "private": "eyJzY2hlbWFfdmVyc2lvbiI6IjEifQ=="
        }
      ]
    }
  ]
}
